
Microsoft Visual Studio Solution File, Format Version 12.00
# Visual Studio Version 17
VisualStudioVersion = 17.0.31919.166
MinimumVisualStudioVersion = 10.0.40219.1
Project("{FAE04EC0-301F-11D3-BF4B-00C04F79EFBC}") = "LinkedListDemo", "LinkedList\LinkedListDemo.csproj", "{9EB0B807-83D4-4B76-B0CF-69826E51D238}"
EndProject
Project("{2150E333-8FDC-42A3-9474-1A3956D46DE8}") = "Solution Items", "Solution Items", "{A646CAC1-5C44-4B5E-91E3-1D973EFC2533}"
	ProjectSection(SolutionItems) = preProject
		ReadMe.txt = ReadMe.txt
	EndProjectSection
EndProject
Global
	GlobalSection(SolutionConfigurationPlatforms) = preSolution
		Debug|Any CPU = Debug|Any CPU
		Release|Any CPU = Release|Any CPU
	EndGlobalSection
	GlobalSection(ProjectConfigurationPlatforms) = postSolution
		{9EB0B807-83D4-4B76-B0CF-69826E51D238}.Debug|Any CPU.ActiveCfg = Debug|Any CPU
		{9EB0B807-83D4-4B76-B0CF-69826E51D238}.Debug|Any CPU.Build.0 = Debug|Any CPU
		{9EB0B807-83D4-4B76-B0CF-69826E51D238}.Release|Any CPU.ActiveCfg = Release|Any CPU
		{9EB0B807-83D4-4B76-B0CF-69826E51D238}.Release|Any CPU.Build.0 = Release|Any CPU
	EndGlobalSection
	GlobalSection(SolutionProperties) = preSolution
		HideSolutionNode = FALSE
	EndGlobalSection
	GlobalSection(ExtensibilityGlobals) = postSolution
		SolutionGuid = {8EEB25F2-B1D5-4873-BA20-DE09C5ABE505}
	EndGlobalSection
EndGlobal
